        "react-virtualized": "^9.22.6",
    "node_modules/react-lifecycles-compat": {
      "version": "3.0.4",
      "resolved": "https://registry.npmjs.org/react-lifecycles-compat/-/react-lifecycles-compat-3.0.4.tgz",
      "integrity": "sha512-fBASbA6LnOU9dOU2eW7aQ8xmYBSXUIWr+UmF9b1efZBazGNO+rcXT/icdKnYm2pTwcRylVUYwW7H1PHfLekVzA==",
      "license": "MIT"
    },
    "node_modules/react-virtualized": {
      "version": "9.22.6",
      "resolved": "https://registry.npmjs.org/react-virtualized/-/react-virtualized-9.22.6.tgz",
      "integrity": "sha512-U5j7KuUQt3AaMatlMJ0UJddqSiX+Km0YJxSqbAzIiGw5EmNz0khMyqP2hzgu4+QUtm+QPIrxzUX4raJxmVJnHg==",
      "license": "MIT",
      "dependencies": {
        "@babel/runtime": "^7.7.2",
        "clsx": "^1.0.4",
        "dom-helpers": "^5.1.3",
        "loose-envify": "^1.4.0",
        "prop-types": "^15.7.2",
        "react-lifecycles-compat": "^3.0.4"
      },
      "peerDependencies": {
        "react": "^16.3.0 || ^17.0.0 || ^18.0.0 || ^19.0.0",
        "react-dom": "^16.3.0 || ^17.0.0 || ^18.0.0 || ^19.0.0"
      }
    },
    "react-lifecycles-compat": {
      "version": "3.0.4",
      "resolved": "https://registry.npmjs.org/react-lifecycles-compat/-/react-lifecycles-compat-3.0.4.tgz",
      "integrity": "sha512-fBASbA6LnOU9dOU2eW7aQ8xmYBSXUIWr+UmF9b1efZBazGNO+rcXT/icdKnYm2pTwcRylVUYwW7H1PHfLekVzA=="
    },
    "react-virtualized": {
      "version": "9.22.6",
      "resolved": "https://registry.npmjs.org/react-virtualized/-/react-virtualized-9.22.6.tgz",
      "integrity": "sha512-U5j7KuUQt3AaMatlMJ0UJddqSiX+Km0YJxSqbAzIiGw5EmNz0khMyqP2hzgu4+QUtm+QPIrxzUX4raJxmVJnHg==",
      "requires": {
        "@babel/runtime": "^7.7.2",
        "clsx": "^1.0.4",
        "dom-helpers": "^5.1.3",
        "loose-envify": "^1.4.0",
        "prop-types": "^15.7.2",
        "react-lifecycles-compat": "^3.0.4"
      }
    },
